
Microsoft Visual Studio Solution File, Format Version 12.00
# Visual Studio 15
VisualStudioVersion = 15.0.28307.168
MinimumVisualStudioVersion = 10.0.40219.1
Project("{9A19103F-16F7-4668-BE54-9A1E7A4F7556}") = "Chat.Domain", "Chat.Domain\Chat.Domain.csproj", "{C43578D4-FBC4-4402-9118-0281F4C6A4AB}"
EndProject
Project("{9A19103F-16F7-4668-BE54-9A1E7A4F7556}") = "Chat.Client", "Chat.Client\Chat.Client.csproj", "{60ABABFC-D2F3-4780-B6B2-D8C3E069C7B8}"
EndProject
Project("{9A19103F-16F7-4668-BE54-9A1E7A4F7556}") = "Chat.FileClient", "Chat.FileClient\Chat.FileClient.csproj", "{1D1BC734-2BE3-465A-BC88-5A148AA25B50}"
EndProject
Project("{9A19103F-16F7-4668-BE54-9A1E7A4F7556}") = "Chat.Server", "Chat.Server\Chat.Server.csproj", "{32DEF29B-4945-4549-9BA8-AE615B4B33AD}"
EndProject
Project("{2150E333-8FDC-42A3-9474-1A3956D46DE8}") = "FileInteraction", "FileInteraction", "{2BAE95DA-D276-489B-BB64-AB7E5A97F2C4}"
EndProject
Project("{9A19103F-16F7-4668-BE54-9A1E7A4F7556}") = "Chat.FileServer", "Chat.FileServer\Chat.FileServer.csproj", "{BC753923-A411-4683-9731-D0C3985F7DCD}"
EndProject
Project("{9A19103F-16F7-4668-BE54-9A1E7A4F7556}") = "Chat.DbServer", "Chat.DbServer\Chat.DbServer.csproj", "{A195468C-0518-4249-9377-ECA716BD5D8F}"
EndProject
Project("{2150E333-8FDC-42A3-9474-1A3956D46DE8}") = "DbInteraction", "DbInteraction", "{5E232472-18FE-430D-A1B4-491DE3AB2D9F}"
EndProject
Project("{9A19103F-16F7-4668-BE54-9A1E7A4F7556}") = "Chat.DbClient", "Chat.DbClient\Chat.DbClient.csproj", "{AFE78AD5-3304-4B8E-BE0C-C3F0A004F0E0}"
EndProject
Project("{2150E333-8FDC-42A3-9474-1A3956D46DE8}") = "MassTransit", "MassTransit", "{BE1D092D-E45B-4374-B43E-9D5D3AC9ECC9}"
EndProject
Project("{9A19103F-16F7-4668-BE54-9A1E7A4F7556}") = "Chat.BusClient", "Chat.BusClient\Chat.BusClient.csproj", "{99A9A66A-E60E-4148-BFE5-38E53A2923BF}"
EndProject
Project("{9A19103F-16F7-4668-BE54-9A1E7A4F7556}") = "Chat.BusConsumer", "Chat.BusConsumer\Chat.BusConsumer.csproj", "{F871BC57-7507-4BC2-BA31-9508B65134B6}"
EndProject
Project("{FAE04EC0-301F-11D3-BF4B-00C04F79EFBC}") = "Chat.BusClient.Contracts", "Chat.Bus.Contracts\Chat.BusClient.Contracts.csproj", "{39DC8E0D-D752-4712-A1FD-5CE1A4AD7D50}"
EndProject
Global
	GlobalSection(SolutionConfigurationPlatforms) = preSolution
		Debug|Any CPU = Debug|Any CPU
		Debug|x64 = Debug|x64
		Release|Any CPU = Release|Any CPU
		Release|x64 = Release|x64
	EndGlobalSection
	GlobalSection(ProjectConfigurationPlatforms) = postSolution
		{C43578D4-FBC4-4402-9118-0281F4C6A4AB}.Debug|Any CPU.ActiveCfg = Debug|Any CPU
		{C43578D4-FBC4-4402-9118-0281F4C6A4AB}.Debug|Any CPU.Build.0 = Debug|Any CPU
		{C43578D4-FBC4-4402-9118-0281F4C6A4AB}.Debug|x64.ActiveCfg = Debug|Any CPU
		{C43578D4-FBC4-4402-9118-0281F4C6A4AB}.Debug|x64.Build.0 = Debug|Any CPU
		{C43578D4-FBC4-4402-9118-0281F4C6A4AB}.Release|Any CPU.ActiveCfg = Release|Any CPU
		{C43578D4-FBC4-4402-9118-0281F4C6A4AB}.Release|Any CPU.Build.0 = Release|Any CPU
		{C43578D4-FBC4-4402-9118-0281F4C6A4AB}.Release|x64.ActiveCfg = Release|Any CPU
		{C43578D4-FBC4-4402-9118-0281F4C6A4AB}.Release|x64.Build.0 = Release|Any CPU
		{60ABABFC-D2F3-4780-B6B2-D8C3E069C7B8}.Debug|Any CPU.ActiveCfg = Debug|Any CPU
		{60ABABFC-D2F3-4780-B6B2-D8C3E069C7B8}.Debug|Any CPU.Build.0 = Debug|Any CPU
		{60ABABFC-D2F3-4780-B6B2-D8C3E069C7B8}.Debug|x64.ActiveCfg = Debug|Any CPU
		{60ABABFC-D2F3-4780-B6B2-D8C3E069C7B8}.Debug|x64.Build.0 = Debug|Any CPU
		{60ABABFC-D2F3-4780-B6B2-D8C3E069C7B8}.Release|Any CPU.ActiveCfg = Release|Any CPU
		{60ABABFC-D2F3-4780-B6B2-D8C3E069C7B8}.Release|Any CPU.Build.0 = Release|Any CPU
		{60ABABFC-D2F3-4780-B6B2-D8C3E069C7B8}.Release|x64.ActiveCfg = Release|Any CPU
		{60ABABFC-D2F3-4780-B6B2-D8C3E069C7B8}.Release|x64.Build.0 = Release|Any CPU
		{1D1BC734-2BE3-465A-BC88-5A148AA25B50}.Debug|Any CPU.ActiveCfg = Debug|Any CPU
		{1D1BC734-2BE3-465A-BC88-5A148AA25B50}.Debug|Any CPU.Build.0 = Debug|Any CPU
		{1D1BC734-2BE3-465A-BC88-5A148AA25B50}.Debug|x64.ActiveCfg = Debug|Any CPU
		{1D1BC734-2BE3-465A-BC88-5A148AA25B50}.Debug|x64.Build.0 = Debug|Any CPU
		{1D1BC734-2BE3-465A-BC88-5A148AA25B50}.Release|Any CPU.ActiveCfg = Release|Any CPU
		{1D1BC734-2BE3-465A-BC88-5A148AA25B50}.Release|Any CPU.Build.0 = Release|Any CPU
		{1D1BC734-2BE3-465A-BC88-5A148AA25B50}.Release|x64.ActiveCfg = Release|Any CPU
		{1D1BC734-2BE3-465A-BC88-5A148AA25B50}.Release|x64.Build.0 = Release|Any CPU
		{32DEF29B-4945-4549-9BA8-AE615B4B33AD}.Debug|Any CPU.ActiveCfg = Debug|Any CPU
		{32DEF29B-4945-4549-9BA8-AE615B4B33AD}.Debug|Any CPU.Build.0 = Debug|Any CPU
		{32DEF29B-4945-4549-9BA8-AE615B4B33AD}.Debug|x64.ActiveCfg = Debug|Any CPU
		{32DEF29B-4945-4549-9BA8-AE615B4B33AD}.Debug|x64.Build.0 = Debug|Any CPU
		{32DEF29B-4945-4549-9BA8-AE615B4B33AD}.Release|Any CPU.ActiveCfg = Release|Any CPU
		{32DEF29B-4945-4549-9BA8-AE615B4B33AD}.Release|Any CPU.Build.0 = Release|Any CPU
		{32DEF29B-4945-4549-9BA8-AE615B4B33AD}.Release|x64.ActiveCfg = Release|Any CPU
		{32DEF29B-4945-4549-9BA8-AE615B4B33AD}.Release|x64.Build.0 = Release|Any CPU
		{BC753923-A411-4683-9731-D0C3985F7DCD}.Debug|Any CPU.ActiveCfg = Debug|Any CPU
		{BC753923-A411-4683-9731-D0C3985F7DCD}.Debug|Any CPU.Build.0 = Debug|Any CPU
		{BC753923-A411-4683-9731-D0C3985F7DCD}.Debug|x64.ActiveCfg = Debug|Any CPU
		{BC753923-A411-4683-9731-D0C3985F7DCD}.Debug|x64.Build.0 = Debug|Any CPU
		{BC753923-A411-4683-9731-D0C3985F7DCD}.Release|Any CPU.ActiveCfg = Release|Any CPU
		{BC753923-A411-4683-9731-D0C3985F7DCD}.Release|Any CPU.Build.0 = Release|Any CPU
		{BC753923-A411-4683-9731-D0C3985F7DCD}.Release|x64.ActiveCfg = Release|Any CPU
		{BC753923-A411-4683-9731-D0C3985F7DCD}.Release|x64.Build.0 = Release|Any CPU
		{A195468C-0518-4249-9377-ECA716BD5D8F}.Debug|Any CPU.ActiveCfg = Debug|Any CPU
		{A195468C-0518-4249-9377-ECA716BD5D8F}.Debug|Any CPU.Build.0 = Debug|Any CPU
		{A195468C-0518-4249-9377-ECA716BD5D8F}.Debug|x64.ActiveCfg = Debug|Any CPU
		{A195468C-0518-4249-9377-ECA716BD5D8F}.Debug|x64.Build.0 = Debug|Any CPU
		{A195468C-0518-4249-9377-ECA716BD5D8F}.Release|Any CPU.ActiveCfg = Release|Any CPU
		{A195468C-0518-4249-9377-ECA716BD5D8F}.Release|Any CPU.Build.0 = Release|Any CPU
		{A195468C-0518-4249-9377-ECA716BD5D8F}.Release|x64.ActiveCfg = Release|Any CPU
		{A195468C-0518-4249-9377-ECA716BD5D8F}.Release|x64.Build.0 = Release|Any CPU
		{AFE78AD5-3304-4B8E-BE0C-C3F0A004F0E0}.Debug|Any CPU.ActiveCfg = Debug|Any CPU
		{AFE78AD5-3304-4B8E-BE0C-C3F0A004F0E0}.Debug|Any CPU.Build.0 = Debug|Any CPU
		{AFE78AD5-3304-4B8E-BE0C-C3F0A004F0E0}.Debug|x64.ActiveCfg = Debug|Any CPU
		{AFE78AD5-3304-4B8E-BE0C-C3F0A004F0E0}.Debug|x64.Build.0 = Debug|Any CPU
		{AFE78AD5-3304-4B8E-BE0C-C3F0A004F0E0}.Release|Any CPU.ActiveCfg = Release|Any CPU
		{AFE78AD5-3304-4B8E-BE0C-C3F0A004F0E0}.Release|Any CPU.Build.0 = Release|Any CPU
		{AFE78AD5-3304-4B8E-BE0C-C3F0A004F0E0}.Release|x64.ActiveCfg = Release|Any CPU
		{AFE78AD5-3304-4B8E-BE0C-C3F0A004F0E0}.Release|x64.Build.0 = Release|Any CPU
		{99A9A66A-E60E-4148-BFE5-38E53A2923BF}.Debug|Any CPU.ActiveCfg = Debug|Any CPU
		{99A9A66A-E60E-4148-BFE5-38E53A2923BF}.Debug|Any CPU.Build.0 = Debug|Any CPU
		{99A9A66A-E60E-4148-BFE5-38E53A2923BF}.Debug|x64.ActiveCfg = Debug|Any CPU
		{99A9A66A-E60E-4148-BFE5-38E53A2923BF}.Debug|x64.Build.0 = Debug|Any CPU
		{99A9A66A-E60E-4148-BFE5-38E53A2923BF}.Release|Any CPU.ActiveCfg = Release|Any CPU
		{99A9A66A-E60E-4148-BFE5-38E53A2923BF}.Release|Any CPU.Build.0 = Release|Any CPU
		{99A9A66A-E60E-4148-BFE5-38E53A2923BF}.Release|x64.ActiveCfg = Release|Any CPU
		{99A9A66A-E60E-4148-BFE5-38E53A2923BF}.Release|x64.Build.0 = Release|Any CPU
		{F871BC57-7507-4BC2-BA31-9508B65134B6}.Debug|Any CPU.ActiveCfg = Release|Any CPU
		{F871BC57-7507-4BC2-BA31-9508B65134B6}.Debug|Any CPU.Build.0 = Release|Any CPU
		{F871BC57-7507-4BC2-BA31-9508B65134B6}.Debug|x64.ActiveCfg = Debug|x64
		{F871BC57-7507-4BC2-BA31-9508B65134B6}.Debug|x64.Build.0 = Debug|x64
		{F871BC57-7507-4BC2-BA31-9508B65134B6}.Release|Any CPU.ActiveCfg = Release|Any CPU
		{F871BC57-7507-4BC2-BA31-9508B65134B6}.Release|Any CPU.Build.0 = Release|Any CPU
		{F871BC57-7507-4BC2-BA31-9508B65134B6}.Release|x64.ActiveCfg = Release|x64
		{F871BC57-7507-4BC2-BA31-9508B65134B6}.Release|x64.Build.0 = Release|x64
		{39DC8E0D-D752-4712-A1FD-5CE1A4AD7D50}.Debug|Any CPU.ActiveCfg = Debug|Any CPU
		{39DC8E0D-D752-4712-A1FD-5CE1A4AD7D50}.Debug|Any CPU.Build.0 = Debug|Any CPU
		{39DC8E0D-D752-4712-A1FD-5CE1A4AD7D50}.Debug|x64.ActiveCfg = Debug|Any CPU
		{39DC8E0D-D752-4712-A1FD-5CE1A4AD7D50}.Debug|x64.Build.0 = Debug|Any CPU
		{39DC8E0D-D752-4712-A1FD-5CE1A4AD7D50}.Release|Any CPU.ActiveCfg = Release|Any CPU
		{39DC8E0D-D752-4712-A1FD-5CE1A4AD7D50}.Release|Any CPU.Build.0 = Release|Any CPU
		{39DC8E0D-D752-4712-A1FD-5CE1A4AD7D50}.Release|x64.ActiveCfg = Release|Any CPU
		{39DC8E0D-D752-4712-A1FD-5CE1A4AD7D50}.Release|x64.Build.0 = Release|Any CPU
	EndGlobalSection
	GlobalSection(SolutionProperties) = preSolution
		HideSolutionNode = FALSE
	EndGlobalSection
	GlobalSection(NestedProjects) = preSolution
		{1D1BC734-2BE3-465A-BC88-5A148AA25B50} = {2BAE95DA-D276-489B-BB64-AB7E5A97F2C4}
		{BC753923-A411-4683-9731-D0C3985F7DCD} = {2BAE95DA-D276-489B-BB64-AB7E5A97F2C4}
		{A195468C-0518-4249-9377-ECA716BD5D8F} = {5E232472-18FE-430D-A1B4-491DE3AB2D9F}
		{AFE78AD5-3304-4B8E-BE0C-C3F0A004F0E0} = {5E232472-18FE-430D-A1B4-491DE3AB2D9F}
		{99A9A66A-E60E-4148-BFE5-38E53A2923BF} = {BE1D092D-E45B-4374-B43E-9D5D3AC9ECC9}
		{F871BC57-7507-4BC2-BA31-9508B65134B6} = {BE1D092D-E45B-4374-B43E-9D5D3AC9ECC9}
		{39DC8E0D-D752-4712-A1FD-5CE1A4AD7D50} = {BE1D092D-E45B-4374-B43E-9D5D3AC9ECC9}
	EndGlobalSection
	GlobalSection(ExtensibilityGlobals) = postSolution
		SolutionGuid = {90E2DC4A-894C-43D8-9156-2AD37C39643B}
	EndGlobalSection
EndGlobal
